
Microsoft Visual Studio Solution File, Format Version 12.00
# Visual Studio 15
VisualStudioVersion = 15.0.27703.2035
MinimumVisualStudioVersion = 10.0.40219.1
Project("{2150E333-8FDC-42A3-9474-1A3956D46DE8}") = "Solution Items", "Solution Items", "{D306B466-462E-4E53-BE76-8C7E60329130}"
	ProjectSection(SolutionItems) = preProject
		README.md = README.md
		Dockerfile = Dockerfile
	EndProjectSection
EndProject
Project("{FAE04EC0-301F-11D3-BF4B-00C04F79EFBC}") = "CardGame.Domain", "CardGame.Domain\CardGame.Domain.csproj", "{C329F14F-0EBF-4D7F-B050-747DA4A6BB5C}"
EndProject
Project("{FAE04EC0-301F-11D3-BF4B-00C04F79EFBC}") = "CardGame.Domain.Tests", "CardGame.Domain.Tests\CardGame.Domain.Tests.csproj", "{85162458-10CE-4BC6-BBBB-10EF99BB24F2}"
EndProject
Project("{2150E333-8FDC-42A3-9474-1A3956D46DE8}") = "CodeGen", "CodeGen", "{AA1A895C-DB3D-47F6-B087-FD5E20B2504D}"
EndProject
Project("{FAE04EC0-301F-11D3-BF4B-00C04F79EFBC}") = "GeneratorAttributes", "GeneratorAttributes\GeneratorAttributes.csproj", "{C7EFF636-CE2B-4901-BCB5-F5CCD9BCD1A6}"
EndProject
Project("{FAE04EC0-301F-11D3-BF4B-00C04F79EFBC}") = "CodeGenerator", "CodeGenerator\CodeGenerator.csproj", "{9931A82A-A4AB-4CBF-B78F-9C0E0C73F8D8}"
EndProject
Project("{FAE04EC0-301F-11D3-BF4B-00C04F79EFBC}") = "CodeGenConsoleTest", "CodeGenConsoleTest\CodeGenConsoleTest.csproj", "{E84EFA07-7905-449D-834E-C264C9F2E715}"
EndProject
Project("{FAE04EC0-301F-11D3-BF4B-00C04F79EFBC}") = "CardGame.Web", "CardGame.Web\CardGame.Web.csproj", "{A7C9F6C3-80B2-48F5-B2CD-1AB2DC2AE4F4}"
EndProject
Project("{FAE04EC0-301F-11D3-BF4B-00C04F79EFBC}") = "CardGame.Application", "CardGame.Application\CardGame.Application.csproj", "{75F8225C-0388-44BB-9516-1F1B9CA5C245}"
EndProject
Project("{FAE04EC0-301F-11D3-BF4B-00C04F79EFBC}") = "CardGame.Infrastructure", "CardGame.Infrastructure\CardGame.Infrastructure.csproj", "{976E059D-B6E2-45E4-AAE7-31F47C5DA843}"
EndProject
Project("{FAE04EC0-301F-11D3-BF4B-00C04F79EFBC}") = "CardGame.Domain.SystemTests", "CardGame.Domain.SystemTests\CardGame.Domain.SystemTests.csproj", "{E9404599-AA6B-42D7-8CBC-723188797C81}"
EndProject
Global
	GlobalSection(SolutionConfigurationPlatforms) = preSolution
		Debug|Any CPU = Debug|Any CPU
		Release|Any CPU = Release|Any CPU
	EndGlobalSection
	GlobalSection(ProjectConfigurationPlatforms) = postSolution
		{C329F14F-0EBF-4D7F-B050-747DA4A6BB5C}.Debug|Any CPU.ActiveCfg = Debug|Any CPU
		{C329F14F-0EBF-4D7F-B050-747DA4A6BB5C}.Debug|Any CPU.Build.0 = Debug|Any CPU
		{C329F14F-0EBF-4D7F-B050-747DA4A6BB5C}.Release|Any CPU.ActiveCfg = Release|Any CPU
		{C329F14F-0EBF-4D7F-B050-747DA4A6BB5C}.Release|Any CPU.Build.0 = Release|Any CPU
		{85162458-10CE-4BC6-BBBB-10EF99BB24F2}.Debug|Any CPU.ActiveCfg = Debug|Any CPU
		{85162458-10CE-4BC6-BBBB-10EF99BB24F2}.Debug|Any CPU.Build.0 = Debug|Any CPU
		{85162458-10CE-4BC6-BBBB-10EF99BB24F2}.Release|Any CPU.ActiveCfg = Release|Any CPU
		{85162458-10CE-4BC6-BBBB-10EF99BB24F2}.Release|Any CPU.Build.0 = Release|Any CPU
		{C7EFF636-CE2B-4901-BCB5-F5CCD9BCD1A6}.Debug|Any CPU.ActiveCfg = Debug|Any CPU
		{C7EFF636-CE2B-4901-BCB5-F5CCD9BCD1A6}.Debug|Any CPU.Build.0 = Debug|Any CPU
		{C7EFF636-CE2B-4901-BCB5-F5CCD9BCD1A6}.Release|Any CPU.ActiveCfg = Release|Any CPU
		{C7EFF636-CE2B-4901-BCB5-F5CCD9BCD1A6}.Release|Any CPU.Build.0 = Release|Any CPU
		{9931A82A-A4AB-4CBF-B78F-9C0E0C73F8D8}.Debug|Any CPU.ActiveCfg = Debug|Any CPU
		{9931A82A-A4AB-4CBF-B78F-9C0E0C73F8D8}.Debug|Any CPU.Build.0 = Debug|Any CPU
		{9931A82A-A4AB-4CBF-B78F-9C0E0C73F8D8}.Release|Any CPU.ActiveCfg = Release|Any CPU
		{9931A82A-A4AB-4CBF-B78F-9C0E0C73F8D8}.Release|Any CPU.Build.0 = Release|Any CPU
		{E84EFA07-7905-449D-834E-C264C9F2E715}.Debug|Any CPU.ActiveCfg = Debug|Any CPU
		{E84EFA07-7905-449D-834E-C264C9F2E715}.Debug|Any CPU.Build.0 = Debug|Any CPU
		{E84EFA07-7905-449D-834E-C264C9F2E715}.Release|Any CPU.ActiveCfg = Release|Any CPU
		{E84EFA07-7905-449D-834E-C264C9F2E715}.Release|Any CPU.Build.0 = Release|Any CPU
		{A7C9F6C3-80B2-48F5-B2CD-1AB2DC2AE4F4}.Debug|Any CPU.ActiveCfg = Debug|Any CPU
		{A7C9F6C3-80B2-48F5-B2CD-1AB2DC2AE4F4}.Debug|Any CPU.Build.0 = Debug|Any CPU
		{A7C9F6C3-80B2-48F5-B2CD-1AB2DC2AE4F4}.Release|Any CPU.ActiveCfg = Release|Any CPU
		{A7C9F6C3-80B2-48F5-B2CD-1AB2DC2AE4F4}.Release|Any CPU.Build.0 = Release|Any CPU
		{75F8225C-0388-44BB-9516-1F1B9CA5C245}.Debug|Any CPU.ActiveCfg = Debug|Any CPU
		{75F8225C-0388-44BB-9516-1F1B9CA5C245}.Debug|Any CPU.Build.0 = Debug|Any CPU
		{75F8225C-0388-44BB-9516-1F1B9CA5C245}.Release|Any CPU.ActiveCfg = Release|Any CPU
		{75F8225C-0388-44BB-9516-1F1B9CA5C245}.Release|Any CPU.Build.0 = Release|Any CPU
		{976E059D-B6E2-45E4-AAE7-31F47C5DA843}.Debug|Any CPU.ActiveCfg = Debug|Any CPU
		{976E059D-B6E2-45E4-AAE7-31F47C5DA843}.Debug|Any CPU.Build.0 = Debug|Any CPU
		{976E059D-B6E2-45E4-AAE7-31F47C5DA843}.Release|Any CPU.ActiveCfg = Release|Any CPU
		{976E059D-B6E2-45E4-AAE7-31F47C5DA843}.Release|Any CPU.Build.0 = Release|Any CPU
		{E9404599-AA6B-42D7-8CBC-723188797C81}.Debug|Any CPU.ActiveCfg = Debug|Any CPU
		{E9404599-AA6B-42D7-8CBC-723188797C81}.Debug|Any CPU.Build.0 = Debug|Any CPU
		{E9404599-AA6B-42D7-8CBC-723188797C81}.Release|Any CPU.ActiveCfg = Release|Any CPU
		{E9404599-AA6B-42D7-8CBC-723188797C81}.Release|Any CPU.Build.0 = Release|Any CPU
	EndGlobalSection
	GlobalSection(SolutionProperties) = preSolution
		HideSolutionNode = FALSE
	EndGlobalSection
	GlobalSection(ExtensibilityGlobals) = postSolution
		SolutionGuid = {B30E8357-F496-4188-BF3B-E591DCBB2DFB}
	EndGlobalSection
	GlobalSection(NestedProjects) = preSolution
		{C7EFF636-CE2B-4901-BCB5-F5CCD9BCD1A6} = {AA1A895C-DB3D-47F6-B087-FD5E20B2504D}
		{9931A82A-A4AB-4CBF-B78F-9C0E0C73F8D8} = {AA1A895C-DB3D-47F6-B087-FD5E20B2504D}
		{E84EFA07-7905-449D-834E-C264C9F2E715} = {AA1A895C-DB3D-47F6-B087-FD5E20B2504D}
	EndGlobalSection
EndGlobal
