
Microsoft Visual Studio Solution File, Format Version 12.00
# Visual Studio 15
VisualStudioVersion = 15.0.27703.2035
MinimumVisualStudioVersion = 10.0.40219.1
Project("{FAE04EC0-301F-11D3-BF4B-00C04F79EFBC}") = "CardGame.Core", "CardGame.Core\CardGame.Core.csproj", "{81459CEA-02A7-442C-A886-4DDCED26A0A5}"
EndProject
Project("{FAE04EC0-301F-11D3-BF4B-00C04F79EFBC}") = "CardGame.Peer", "CardGame.Peer\CardGame.Peer.csproj", "{61D05446-64D0-456F-964E-CFC1B19D615C}"
EndProject
Project("{FAE04EC0-301F-11D3-BF4B-00C04F79EFBC}") = "CardGamePeer", "CardGamePeer\CardGamePeer.csproj", "{914201A5-4C74-42BE-8AAA-4D4673C12274}"
EndProject
Global
	GlobalSection(SolutionConfigurationPlatforms) = preSolution
		Debug|Any CPU = Debug|Any CPU
		Release|Any CPU = Release|Any CPU
	EndGlobalSection
	GlobalSection(ProjectConfigurationPlatforms) = postSolution
		{81459CEA-02A7-442C-A886-4DDCED26A0A5}.Debug|Any CPU.ActiveCfg = Debug|Any CPU
		{81459CEA-02A7-442C-A886-4DDCED26A0A5}.Debug|Any CPU.Build.0 = Debug|Any CPU
		{81459CEA-02A7-442C-A886-4DDCED26A0A5}.Release|Any CPU.ActiveCfg = Release|Any CPU
		{81459CEA-02A7-442C-A886-4DDCED26A0A5}.Release|Any CPU.Build.0 = Release|Any CPU
		{61D05446-64D0-456F-964E-CFC1B19D615C}.Debug|Any CPU.ActiveCfg = Debug|Any CPU
		{61D05446-64D0-456F-964E-CFC1B19D615C}.Debug|Any CPU.Build.0 = Debug|Any CPU
		{61D05446-64D0-456F-964E-CFC1B19D615C}.Release|Any CPU.ActiveCfg = Release|Any CPU
		{61D05446-64D0-456F-964E-CFC1B19D615C}.Release|Any CPU.Build.0 = Release|Any CPU
		{914201A5-4C74-42BE-8AAA-4D4673C12274}.Debug|Any CPU.ActiveCfg = Debug|Any CPU
		{914201A5-4C74-42BE-8AAA-4D4673C12274}.Debug|Any CPU.Build.0 = Debug|Any CPU
		{914201A5-4C74-42BE-8AAA-4D4673C12274}.Release|Any CPU.ActiveCfg = Release|Any CPU
		{914201A5-4C74-42BE-8AAA-4D4673C12274}.Release|Any CPU.Build.0 = Release|Any CPU
	EndGlobalSection
	GlobalSection(SolutionProperties) = preSolution
		HideSolutionNode = FALSE
	EndGlobalSection
	GlobalSection(ExtensibilityGlobals) = postSolution
		SolutionGuid = {B30E8357-F496-4188-BF3B-E591DCBB2DFB}
	EndGlobalSection
EndGlobal
